
Microsoft Visual Studio Solution File, Format Version 12.00
# Visual Studio Version 17
VisualStudioVersion = 17.14.36327.8 d17.14
MinimumVisualStudioVersion = 10.0.40219.1
Project("{FAE04EC0-301F-11D3-BF4B-00C04F79EFBC}") = "GerenciadorDeOVINI", "GerenciadorDeOVINI\GerenciadorDeOVINI.csproj", "{626630AA-8A20-4D1E-8131-CA1C5A4EDA2F}"
EndProject
Project("{FAE04EC0-301F-11D3-BF4B-00C04F79EFBC}") = "BibliotecaOVNI", "BibliotecaOVNI\BibliotecaOVNI\BibliotecaOVNI.csproj", "{7577C21D-1E10-4713-BC20-5339BEE758AF}"
EndProject
Global
	GlobalSection(SolutionConfigurationPlatforms) = preSolution
		Debug|Any CPU = Debug|Any CPU
		Release|Any CPU = Release|Any CPU
	EndGlobalSection
	GlobalSection(ProjectConfigurationPlatforms) = postSolution
		{626630AA-8A20-4D1E-8131-CA1C5A4EDA2F}.Debug|Any CPU.ActiveCfg = Debug|Any CPU
		{626630AA-8A20-4D1E-8131-CA1C5A4EDA2F}.Debug|Any CPU.Build.0 = Debug|Any CPU
		{626630AA-8A20-4D1E-8131-CA1C5A4EDA2F}.Release|Any CPU.ActiveCfg = Release|Any CPU
		{626630AA-8A20-4D1E-8131-CA1C5A4EDA2F}.Release|Any CPU.Build.0 = Release|Any CPU
		{7577C21D-1E10-4713-BC20-5339BEE758AF}.Debug|Any CPU.ActiveCfg = Debug|Any CPU
		{7577C21D-1E10-4713-BC20-5339BEE758AF}.Debug|Any CPU.Build.0 = Debug|Any CPU
		{7577C21D-1E10-4713-BC20-5339BEE758AF}.Release|Any CPU.ActiveCfg = Release|Any CPU
		{7577C21D-1E10-4713-BC20-5339BEE758AF}.Release|Any CPU.Build.0 = Release|Any CPU
	EndGlobalSection
	GlobalSection(SolutionProperties) = preSolution
		HideSolutionNode = FALSE
	EndGlobalSection
	GlobalSection(ExtensibilityGlobals) = postSolution
		SolutionGuid = {8B2A6846-24B6-4B03-B834-C35235CA0963}
	EndGlobalSection
EndGlobal
